
Microsoft Visual Studio Solution File, Format Version 12.00
# Visual Studio Version 16
VisualStudioVersion = 16.0.31205.134
MinimumVisualStudioVersion = 10.0.40219.1
Project("{9A19103F-16F7-4668-BE54-9A1E7A4F7556}") = "ImageQualityAssessmentTool", "ImageQualityAssessmentTool.csproj", "{0F0EFF53-A333-4E53-97E2-D9E4CEA387AC}"
EndProject
Global
	GlobalSection(SolutionConfigurationPlatforms) = preSolution
		Debug|Any CPU = Debug|Any CPU
		Debug|x86 = Debug|x86
		Release|Any CPU = Release|Any CPU
		Release|x86 = Release|x86
	EndGlobalSection
	GlobalSection(ProjectConfigurationPlatforms) = postSolution
		{0F0EFF53-A333-4E53-97E2-D9E4CEA387AC}.Debug|Any CPU.ActiveCfg = Debug|Any CPU
		{0F0EFF53-A333-4E53-97E2-D9E4CEA387AC}.Debug|Any CPU.Build.0 = Debug|Any CPU
		{0F0EFF53-A333-4E53-97E2-D9E4CEA387AC}.Debug|x86.ActiveCfg = Debug|x86
		{0F0EFF53-A333-4E53-97E2-D9E4CEA387AC}.Debug|x86.Build.0 = Debug|x86
		{0F0EFF53-A333-4E53-97E2-D9E4CEA387AC}.Release|Any CPU.ActiveCfg = Release|Any CPU
		{0F0EFF53-A333-4E53-97E2-D9E4CEA387AC}.Release|Any CPU.Build.0 = Release|Any CPU
		{0F0EFF53-A333-4E53-97E2-D9E4CEA387AC}.Release|x86.ActiveCfg = Release|x86
		{0F0EFF53-A333-4E53-97E2-D9E4CEA387AC}.Release|x86.Build.0 = Release|x86
	EndGlobalSection
	GlobalSection(SolutionProperties) = preSolution
		HideSolutionNode = FALSE
	EndGlobalSection
	GlobalSection(ExtensibilityGlobals) = postSolution
		SolutionGuid = {5B24F26B-B738-438F-A7B4-EFAE5E1ABE1E}
	EndGlobalSection
EndGlobal
